{
  "name": "@harjs/create-harjs",
  "version": "0.1.0",
  "lockfileVersion": 3,
  "requires": true,
  "packages": {
    "": {
      "name": "@harjs/create-harjs",
      "version": "0.1.0",
      "dependencies": {
        "@harjs/react-ui": "^1.1.5",
        "@harjs/service": "^1.0.5"
      },
      "bin": {
        "create-harjs": "src/index.js"
      }
    },
    "node_modules/@harjs/react-ui": {
      "version": "1.1.5",
      "resolved": "https://registry.npmjs.org/@harjs/react-ui/-/react-ui-1.1.5.tgz",
      "integrity": "sha512-VW/amP1pBbh/GvWGB0nBO9RvtWOLMNxA+dORPYXuPEuoAx9565wBZ9pT+PZmpcE3VsPpMSd3L/ViVuuYQNC+2w==",
      "license": "MIT",
      "dependencies": {
        "@harjs/translation": "^1.0.1"
      },
      "peerDependencies": {
        "react": ">=18.0.0",
        "react-dom": ">=18.0.0"
      }
    },
    "node_modules/@harjs/service": {
      "version": "1.0.5",
      "resolved": "https://registry.npmjs.org/@harjs/service/-/service-1.0.5.tgz",
      "integrity": "sha512-692c6gG9I39lGEbTo9T76Mi6mfl2zXxcSEgTl9rJi2sVsXzQS9BAA6/fyD087jbHC5bV5eCioyztKY6mhXCJeg==",
      "license": "MIT"
    },
    "node_modules/@harjs/translation": {
      "version": "1.0.1",
      "resolved": "https://registry.npmjs.org/@harjs/translation/-/translation-1.0.1.tgz",
      "integrity": "sha512-vR/ErKbKOw381a3KhlGL3xgzliwStVLJnyQ5GNMae5yiO2yipQL7D4qTQ1QsKakn/0rSGXWdEzTk3QmW30E4hg==",
      "license": "MIT"
    },
    "node_modules/react": {
      "version": "19.2.7",
      "resolved": "https://registry.npmjs.org/react/-/react-19.2.7.tgz",
      "integrity": "sha512-HNe9WslTbXmFK8o8cmwgAeJFSBvt1bPdHCVKtaaV+WlAN36mpT4hcRpwbf3fY56ar2oIXzsBpOAiIRHAdY0OlQ==",
      "license": "MIT",
      "peer": true,
      "engines": {
        "node": ">=0.10.0"
      }
    },
    "node_modules/react-dom": {
      "version": "19.2.7",
      "resolved": "https://registry.npmjs.org/react-dom/-/react-dom-19.2.7.tgz",
      "integrity": "sha512-t0BRVXvbiE/o20Hfw669rLbMCDWtYZLvmJigy2f0MxsXF+71pxhR3xOkspmsO8h3ZlNzyibAmtCa3l4lYKk6gQ==",
      "license": "MIT",
      "peer": true,
      "dependencies": {
        "scheduler": "^0.27.0"
      },
      "peerDependencies": {
        "react": "^19.2.7"
      }
    },
    "node_modules/scheduler": {
      "version": "0.27.0",
      "resolved": "https://registry.npmjs.org/scheduler/-/scheduler-0.27.0.tgz",
      "integrity": "sha512-eNv+WrVbKu1f3vbYJT/xtiF5syA5HPIMtf9IgY/nKg0sWqzAUEvqY/xm7OcZc/qafLx/iO9FgOmeSAp4v5ti/Q==",
      "license": "MIT",
      "peer": true
    }
  }
}
